{
  "name": "Univ_React",
  "lockfileVersion": 2,
  "requires": true,
  "packages": {
    "": {
      "dependencies": {
        "postgres": "^3.3.4"
      }
    },
    "node_modules/postgres": {
      "version": "3.3.4",
      "resolved": "https://registry.npmjs.org/postgres/-/postgres-3.3.4.tgz",
      "integrity": "sha512-XVu0+d/Y56pl2lSaf0c7V19AhAEfpVrhID1IENWN8nf0xch6hFq6dAov5dtUX6ZD46wfr1TxvLhxLtV8WnNsOg==",
      "funding": {
        "type": "individual",
        "url": "https://github.com/sponsors/porsager"
      }
    }
  },
  "dependencies": {
    "postgres": {
      "version": "3.3.4",
      "resolved": "https://registry.npmjs.org/postgres/-/postgres-3.3.4.tgz",
      "integrity": "sha512-XVu0+d/Y56pl2lSaf0c7V19AhAEfpVrhID1IENWN8nf0xch6hFq6dAov5dtUX6ZD46wfr1TxvLhxLtV8WnNsOg=="
    }
  }
}
